
Microsoft Visual Studio Solution File, Format Version 12.00
# Visual Studio Version 17
VisualStudioVersion = 17.14.36414.22
MinimumVisualStudioVersion = 10.0.40219.1
Project("{FAE04EC0-301F-11D3-BF4B-00C04F79EFBC}") = "backendLibraryManagement", "backendLibraryManagement\backendLibraryManagement.csproj", "{D47E1861-E16C-45EF-809F-594C927B383E}"
EndProject
Project("{FAE04EC0-301F-11D3-BF4B-00C04F79EFBC}") = "backendLibraryManagmentxUnitTest", "backendLibraryManagmentxUnitTest\backendLibraryManagmentxUnitTest.csproj", "{633BA969-BF24-4194-82B2-BBA4BEB0E545}"
EndProject
Global
	GlobalSection(SolutionConfigurationPlatforms) = preSolution
		Debug|Any CPU = Debug|Any CPU
		Release|Any CPU = Release|Any CPU
	EndGlobalSection
	GlobalSection(ProjectConfigurationPlatforms) = postSolution
		{D47E1861-E16C-45EF-809F-594C927B383E}.Debug|Any CPU.ActiveCfg = Debug|Any CPU
		{D47E1861-E16C-45EF-809F-594C927B383E}.Debug|Any CPU.Build.0 = Debug|Any CPU
		{D47E1861-E16C-45EF-809F-594C927B383E}.Release|Any CPU.ActiveCfg = Release|Any CPU
		{D47E1861-E16C-45EF-809F-594C927B383E}.Release|Any CPU.Build.0 = Release|Any CPU
		{633BA969-BF24-4194-82B2-BBA4BEB0E545}.Debug|Any CPU.ActiveCfg = Debug|Any CPU
		{633BA969-BF24-4194-82B2-BBA4BEB0E545}.Debug|Any CPU.Build.0 = Debug|Any CPU
		{633BA969-BF24-4194-82B2-BBA4BEB0E545}.Release|Any CPU.ActiveCfg = Release|Any CPU
		{633BA969-BF24-4194-82B2-BBA4BEB0E545}.Release|Any CPU.Build.0 = Release|Any CPU
	EndGlobalSection
	GlobalSection(SolutionProperties) = preSolution
		HideSolutionNode = FALSE
	EndGlobalSection
	GlobalSection(ExtensibilityGlobals) = postSolution
		SolutionGuid = {E5C9D6AC-E5B0-4160-B5D5-6A73A058C29A}
	EndGlobalSection
EndGlobal
